
Microsoft Visual Studio Solution File, Format Version 12.00
# Visual Studio 14
VisualStudioVersion = 14.0.25420.1
MinimumVisualStudioVersion = 10.0.40219.1
Project("{FAE04EC0-301F-11D3-BF4B-00C04F79EFBC}") = "MoldQuote", "MoldQuote\MoldQuote.csproj", "{EAB3E5AC-6F11-4D52-9129-4FAA3CE60E05}"
EndProject
Project("{FAE04EC0-301F-11D3-BF4B-00C04F79EFBC}") = "CycBasic", "Basic\CycBasic.csproj", "{34F8ACD7-AFFD-46F2-8E5E-1902CBEDDD40}"
EndProject
Global
	GlobalSection(SolutionConfigurationPlatforms) = preSolution
		Debug|Any CPU = Debug|Any CPU
		Release|Any CPU = Release|Any CPU
	EndGlobalSection
	GlobalSection(ProjectConfigurationPlatforms) = postSolution
		{EAB3E5AC-6F11-4D52-9129-4FAA3CE60E05}.Debug|Any CPU.ActiveCfg = Debug|Any CPU
		{EAB3E5AC-6F11-4D52-9129-4FAA3CE60E05}.Debug|Any CPU.Build.0 = Debug|Any CPU
		{EAB3E5AC-6F11-4D52-9129-4FAA3CE60E05}.Release|Any CPU.ActiveCfg = Release|Any CPU
		{EAB3E5AC-6F11-4D52-9129-4FAA3CE60E05}.Release|Any CPU.Build.0 = Release|Any CPU
		{34F8ACD7-AFFD-46F2-8E5E-1902CBEDDD40}.Debug|Any CPU.ActiveCfg = Debug|Any CPU
		{34F8ACD7-AFFD-46F2-8E5E-1902CBEDDD40}.Debug|Any CPU.Build.0 = Debug|Any CPU
		{34F8ACD7-AFFD-46F2-8E5E-1902CBEDDD40}.Release|Any CPU.ActiveCfg = Release|Any CPU
		{34F8ACD7-AFFD-46F2-8E5E-1902CBEDDD40}.Release|Any CPU.Build.0 = Release|Any CPU
	EndGlobalSection
	GlobalSection(SolutionProperties) = preSolution
		HideSolutionNode = FALSE
	EndGlobalSection
EndGlobal
